// !$*UTF8*$!
{
	archiveVersion = 1;
	classes = {
	};
	objectVersion = 56;
	objects = {

/* Begin PBXBuildFile section */
		772A04082B1506820035BA44 /* 27.swift in Sources */ = {isa = PBXBuildFile; fileRef = 772A04072B1506820035BA44 /* 27.swift */; };
		772A040A2B15069D0035BA44 /* 28.swift in Sources */ = {isa = PBXBuildFile; fileRef = 772A04092B15069D0035BA44 /* 28.swift */; };
		772D70C22B0D05F1006AD0FC /* main.swift in Sources */ = {isa = PBXBuildFile; fileRef = 772D70C12B0D05F1006AD0FC /* main.swift */; };
		772D70C92B0D2B11006AD0FC /* 9.swift in Sources */ = {isa = PBXBuildFile; fileRef = 772D70C82B0D2B11006AD0FC /* 9.swift */; };
		776837362B0E612B0089B4A5 /* 1.swift in Sources */ = {isa = PBXBuildFile; fileRef = 776837352B0E612A0089B4A5 /* 1.swift */; };
		777B77962B138CB100BFD49E /* 13.swift in Sources */ = {isa = PBXBuildFile; fileRef = 777B77952B138CB100BFD49E /* 13.swift */; };
		777B77982B13903800BFD49E /* 26.swift in Sources */ = {isa = PBXBuildFile; fileRef = 777B77972B13903800BFD49E /* 26.swift */; };
		779D4C892B11083C0082E784 /* 12.swift in Sources */ = {isa = PBXBuildFile; fileRef = 779D4C882B11083C0082E784 /* 12.swift */; };
		779D4C8B2B1108D00082E784 /* 17.swift in Sources */ = {isa = PBXBuildFile; fileRef = 779D4C8A2B1108D00082E784 /* 17.swift */; };
		77A311212B1261FE00D23067 /* 36.swift in Sources */ = {isa = PBXBuildFile; fileRef = 77A311202B1261FE00D23067 /* 36.swift */; };
		77A311232B12632900D23067 /* 21.swift in Sources */ = {isa = PBXBuildFile; fileRef = 77A311222B12632900D23067 /* 21.swift */; };
		77A7FB802B0FC78100143AFC /* 20.swift in Sources */ = {isa = PBXBuildFile; fileRef = 77A7FB7F2B0FC78100143AFC /* 20.swift */; };
/* End PBXBuildFile section */

/* Begin PBXCopyFilesBuildPhase section */
		772D70BC2B0D05F1006AD0FC /* CopyFiles */ = {
			isa = PBXCopyFilesBuildPhase;
			buildActionMask = 2147483647;
			dstPath = /usr/share/man/man1/;
			dstSubfolderSpec = 0;
			files = (
			);
			runOnlyForDeploymentPostprocessing = 1;
		};
/* End PBXCopyFilesBuildPhase section */

/* Begin PBXFileReference section */
		772A04072B1506820035BA44 /* 27.swift */ = {isa = PBXFileReference; lastKnownFileType = sourcecode.swift; path = 27.swift; sourceTree = "<group>"; };
		772A04092B15069D0035BA44 /* 28.swift */ = {isa = PBXFileReference; lastKnownFileType = sourcecode.swift; path = 28.swift; sourceTree = "<group>"; };
		772D70BE2B0D05F1006AD0FC /* 31github */ = {isa = PBXFileReference; explicitFileType = "compiled.mach-o.executable"; includeInIndex = 0; path = 31github; sourceTree = BUILT_PRODUCTS_DIR; };
		772D70C12B0D05F1006AD0FC /* main.swift */ = {isa = PBXFileReference; lastKnownFileType = sourcecode.swift; path = main.swift; sourceTree = "<group>"; };
		772D70C82B0D2B11006AD0FC /* 9.swift */ = {isa = PBXFileReference; lastKnownFileType = sourcecode.swift; path = 9.swift; sourceTree = "<group>"; };
		776837352B0E612A0089B4A5 /* 1.swift */ = {isa = PBXFileReference; lastKnownFileType = sourcecode.swift; path = 1.swift; sourceTree = "<group>"; };
		777B77952B138CB100BFD49E /* 13.swift */ = {isa = PBXFileReference; lastKnownFileType = sourcecode.swift; path = 13.swift; sourceTree = "<group>"; };
		777B77972B13903800BFD49E /* 26.swift */ = {isa = PBXFileReference; lastKnownFileType = sourcecode.swift; path = 26.swift; sourceTree = "<group>"; };
		779D4C882B11083C0082E784 /* 12.swift */ = {isa = PBXFileReference; lastKnownFileType = sourcecode.swift; path = 12.swift; sourceTree = "<group>"; };
		779D4C8A2B1108D00082E784 /* 17.swift */ = {isa = PBXFileReference; lastKnownFileType = sourcecode.swift; path = 17.swift; sourceTree = "<group>"; };
		77A311202B1261FE00D23067 /* 36.swift */ = {isa = PBXFileReference; lastKnownFileType = sourcecode.swift; path = 36.swift; sourceTree = "<group>"; };
		77A311222B12632900D23067 /* 21.swift */ = {isa = PBXFileReference; lastKnownFileType = sourcecode.swift; path = 21.swift; sourceTree = "<group>"; };
		77A7FB7F2B0FC78100143AFC /* 20.swift */ = {isa = PBXFileReference; lastKnownFileType = sourcecode.swift; path = 20.swift; sourceTree = "<group>"; };
/* End PBXFileReference section */

/* Begin PBXFrameworksBuildPhase section */
		772D70BB2B0D05F1006AD0FC /* Frameworks */ = {
			isa = PBXFrameworksBuildPhase;
			buildActionMask = 2147483647;
			files = (
			);
			runOnlyForDeploymentPostprocessing = 0;
		};
/* End PBXFrameworksBuildPhase section */

/* Begin PBXGroup section */
		772D70B52B0D05F1006AD0FC = {
			isa = PBXGroup;
			children = (
				772D70C02B0D05F1006AD0FC /* 31github */,
				772D70BF2B0D05F1006AD0FC /* Products */,
			);
			sourceTree = "<group>";
		};
		772D70BF2B0D05F1006AD0FC /* Products */ = {
			isa = PBXGroup;
			children = (
				772D70BE2B0D05F1006AD0FC /* 31github */,
			);
			name = Products;
			sourceTree = "<group>";
		};
		772D70C02B0D05F1006AD0FC /* 31github */ = {
			isa = PBXGroup;
			children = (
				776837372B0E61540089B4A5 /* Problems */,
				772D70C12B0D05F1006AD0FC /* main.swift */,
			);
			path = 31github;
			sourceTree = "<group>";
		};
		776837372B0E61540089B4A5 /* Problems */ = {
			isa = PBXGroup;
			children = (
				772D70C82B0D2B11006AD0FC /* 9.swift */,
				776837352B0E612A0089B4A5 /* 1.swift */,
				77A7FB7F2B0FC78100143AFC /* 20.swift */,
				779D4C882B11083C0082E784 /* 12.swift */,
				779D4C8A2B1108D00082E784 /* 17.swift */,
				77A311202B1261FE00D23067 /* 36.swift */,
				77A311222B12632900D23067 /* 21.swift */,
				777B77952B138CB100BFD49E /* 13.swift */,
				777B77972B13903800BFD49E /* 26.swift */,
				772A04072B1506820035BA44 /* 27.swift */,
				772A04092B15069D0035BA44 /* 28.swift */,
			);
			path = Problems;
			sourceTree = "<group>";
		};
/* End PBXGroup section */

/* Begin PBXNativeTarget section */
		772D70BD2B0D05F1006AD0FC /* 31github */ = {
			isa = PBXNativeTarget;
			buildConfigurationList = 772D70C52B0D05F1006AD0FC /* Build configuration list for PBXNativeTarget "31github" */;
			buildPhases = (
				772D70BA2B0D05F1006AD0FC /* Sources */,
				772D70BB2B0D05F1006AD0FC /* Frameworks */,
				772D70BC2B0D05F1006AD0FC /* CopyFiles */,
			);
			buildRules = (
			);
			dependencies = (
			);
			name = 31github;
			productName = 31github;
			productReference = 772D70BE2B0D05F1006AD0FC /* 31github */;
			productType = "com.apple.product-type.tool";
		};
/* End PBXNativeTarget section */

/* Begin PBXProject section */
		772D70B62B0D05F1006AD0FC /* Project object */ = {
			isa = PBXProject;
			attributes = {
				BuildIndependentTargetsInParallel = 1;
				LastSwiftUpdateCheck = 1500;
				LastUpgradeCheck = 1500;
				TargetAttributes = {
					772D70BD2B0D05F1006AD0FC = {
						CreatedOnToolsVersion = 15.0;
					};
				};
			};
			buildConfigurationList = 772D70B92B0D05F1006AD0FC /* Build configuration list for PBXProject "31github" */;
			compatibilityVersion = "Xcode 14.0";
			developmentRegion = en;
			hasScannedForEncodings = 0;
			knownRegions = (
				en,
				Base,
			);
			mainGroup = 772D70B52B0D05F1006AD0FC;
			productRefGroup = 772D70BF2B0D05F1006AD0FC /* Products */;
			projectDirPath = "";
			projectRoot = "";
			targets = (
				772D70BD2B0D05F1006AD0FC /* 31github */,
			);
		};
/* End PBXProject section */

/* Begin PBXSourcesBuildPhase section */
		772D70BA2B0D05F1006AD0FC /* Sources */ = {
			isa = PBXSourcesBuildPhase;
			buildActionMask = 2147483647;
			files = (
				772A04082B1506820035BA44 /* 27.swift in Sources */,
				776837362B0E612B0089B4A5 /* 1.swift in Sources */,
				77A311212B1261FE00D23067 /* 36.swift in Sources */,
				777B77962B138CB100BFD49E /* 13.swift in Sources */,
				777B77982B13903800BFD49E /* 26.swift in Sources */,
				772A040A2B15069D0035BA44 /* 28.swift in Sources */,
				77A7FB802B0FC78100143AFC /* 20.swift in Sources */,
				779D4C8B2B1108D00082E784 /* 17.swift in Sources */,
				772D70C22B0D05F1006AD0FC /* main.swift in Sources */,
				779D4C892B11083C0082E784 /* 12.swift in Sources */,
				77A311232B12632900D23067 /* 21.swift in Sources */,
				772D70C92B0D2B11006AD0FC /* 9.swift in Sources */,
			);
			runOnlyForDeploymentPostprocessing = 0;
		};
/* End PBXSourcesBuildPhase section */

/* Begin XCBuildConfiguration section */
		772D70C32B0D05F1006AD0FC /* Debug */ = {
			isa = XCBuildConfiguration;
			buildSettings = {
				ALWAYS_SEARCH_USER_PATHS = NO;
				ASSETCATALOG_COMPILER_GENERATE_SWIFT_ASSET_SYMBOL_EXTENSIONS = YES;
				CLANG_ANALYZER_NONNULL = YES;
				CLANG_ANALYZER_NUMBER_OBJECT_CONVERSION = YES_AGGRESSIVE;
				CLANG_CXX_LANGUAGE_STANDARD = "gnu++20";
				CLANG_ENABLE_MODULES = YES;
				CLANG_ENABLE_OBJC_ARC = YES;
				CLANG_ENABLE_OBJC_WEAK = YES;
				CLANG_WARN_BLOCK_CAPTURE_AUTORELEASING = YES;
				CLANG_WARN_BOOL_CONVERSION = YES;
				CLANG_WARN_COMMA = YES;
				CLANG_WARN_CONSTANT_CONVERSION = YES;
				CLANG_WARN_DEPRECATED_OBJC_IMPLEMENTATIONS = YES;
				CLANG_WARN_DIRECT_OBJC_ISA_USAGE = YES_ERROR;
				CLANG_WARN_DOCUMENTATION_COMMENTS = YES;
				CLANG_WARN_EMPTY_BODY = YES;
				CLANG_WARN_ENUM_CONVERSION = YES;
				CLANG_WARN_INFINITE_RECURSION = YES;
				CLANG_WARN_INT_CONVERSION = YES;
				CLANG_WARN_NON_LITERAL_NULL_CONVERSION = YES;
				CLANG_WARN_OBJC_IMPLICIT_RETAIN_SELF = YES;
				CLANG_WARN_OBJC_LITERAL_CONVERSION = YES;
				CLANG_WARN_OBJC_ROOT_CLASS = YES_ERROR;
				CLANG_WARN_QUOTED_INCLUDE_IN_FRAMEWORK_HEADER = YES;
				CLANG_WARN_RANGE_LOOP_ANALYSIS = YES;
				CLANG_WARN_STRICT_PROTOTYPES = YES;
				CLANG_WARN_SUSPICIOUS_MOVE = YES;
				CLANG_WARN_UNGUARDED_AVAILABILITY = YES_AGGRESSIVE;
				CLANG_WARN_UNREACHABLE_CODE = YES;
				CLANG_WARN__DUPLICATE_METHOD_MATCH = YES;
				COPY_PHASE_STRIP = NO;
				DEBUG_INFORMATION_FORMAT = dwarf;
				ENABLE_STRICT_OBJC_MSGSEND = YES;
				ENABLE_TESTABILITY = YES;
				ENABLE_USER_SCRIPT_SANDBOXING = YES;
				GCC_C_LANGUAGE_STANDARD = gnu17;
				GCC_DYNAMIC_NO_PIC = NO;
				GCC_NO_COMMON_BLOCKS = YES;
				GCC_OPTIMIZATION_LEVEL = 0;
				GCC_PREPROCESSOR_DEFINITIONS = (
					"DEBUG=1",
					"$(inherited)",
				);
				GCC_WARN_64_TO_32_BIT_CONVERSION = YES;
				GCC_WARN_ABOUT_RETURN_TYPE = YES_ERROR;
				GCC_WARN_UNDECLARED_SELECTOR = YES;
				GCC_WARN_UNINITIALIZED_AUTOS = YES_AGGRESSIVE;
				GCC_WARN_UNUSED_FUNCTION = YES;
				GCC_WARN_UNUSED_VARIABLE = YES;
				LOCALIZATION_PREFERS_STRING_CATALOGS = YES;
				MACOSX_DEPLOYMENT_TARGET = 14.0;
				MTL_ENABLE_DEBUG_INFO = INCLUDE_SOURCE;
				MTL_FAST_MATH = YES;
				ONLY_ACTIVE_ARCH = YES;
				SDKROOT = macosx;
				SWIFT_ACTIVE_COMPILATION_CONDITIONS = "DEBUG $(inherited)";
				SWIFT_OPTIMIZATION_LEVEL = "-Onone";
			};
			name = Debug;
		};
		772D70C42B0D05F1006AD0FC /* Release */ = {
			isa = XCBuildConfiguration;
			buildSettings = {
				ALWAYS_SEARCH_USER_PATHS = NO;
				ASSETCATALOG_COMPILER_GENERATE_SWIFT_ASSET_SYMBOL_EXTENSIONS = YES;
				CLANG_ANALYZER_NONNULL = YES;
				CLANG_ANALYZER_NUMBER_OBJECT_CONVERSION = YES_AGGRESSIVE;
				CLANG_CXX_LANGUAGE_STANDARD = "gnu++20";
				CLANG_ENABLE_MODULES = YES;
				CLANG_ENABLE_OBJC_ARC = YES;
				CLANG_ENABLE_OBJC_WEAK = YES;
				CLANG_WARN_BLOCK_CAPTURE_AUTORELEASING = YES;
				CLANG_WARN_BOOL_CONVERSION = YES;
				CLANG_WARN_COMMA = YES;
				CLANG_WARN_CONSTANT_CONVERSION = YES;
				CLANG_WARN_DEPRECATED_OBJC_IMPLEMENTATIONS = YES;
				CLANG_WARN_DIRECT_OBJC_ISA_USAGE = YES_ERROR;
				CLANG_WARN_DOCUMENTATION_COMMENTS = YES;
				CLANG_WARN_EMPTY_BODY = YES;
				CLANG_WARN_ENUM_CONVERSION = YES;
				CLANG_WARN_INFINITE_RECURSION = YES;
				CLANG_WARN_INT_CONVERSION = YES;
				CLANG_WARN_NON_LITERAL_NULL_CONVERSION = YES;
				CLANG_WARN_OBJC_IMPLICIT_RETAIN_SELF = YES;
				CLANG_WARN_OBJC_LITERAL_CONVERSION = YES;
				CLANG_WARN_OBJC_ROOT_CLASS = YES_ERROR;
				CLANG_WARN_QUOTED_INCLUDE_IN_FRAMEWORK_HEADER = YES;
				CLANG_WARN_RANGE_LOOP_ANALYSIS = YES;
				CLANG_WARN_STRICT_PROTOTYPES = YES;
				CLANG_WARN_SUSPICIOUS_MOVE = YES;
				CLANG_WARN_UNGUARDED_AVAILABILITY = YES_AGGRESSIVE;
				CLANG_WARN_UNREACHABLE_CODE = YES;
				CLANG_WARN__DUPLICATE_METHOD_MATCH = YES;
				COPY_PHASE_STRIP = NO;
				DEBUG_INFORMATION_FORMAT = "dwarf-with-dsym";
				ENABLE_NS_ASSERTIONS = NO;
				ENABLE_STRICT_OBJC_MSGSEND = YES;
				ENABLE_USER_SCRIPT_SANDBOXING = YES;
				GCC_C_LANGUAGE_STANDARD = gnu17;
				GCC_NO_COMMON_BLOCKS = YES;
				GCC_WARN_64_TO_32_BIT_CONVERSION = YES;
				GCC_WARN_ABOUT_RETURN_TYPE = YES_ERROR;
				GCC_WARN_UNDECLARED_SELECTOR = YES;
				GCC_WARN_UNINITIALIZED_AUTOS = YES_AGGRESSIVE;
				GCC_WARN_UNUSED_FUNCTION = YES;
				GCC_WARN_UNUSED_VARIABLE = YES;
				LOCALIZATION_PREFERS_STRING_CATALOGS = YES;
				MACOSX_DEPLOYMENT_TARGET = 14.0;
				MTL_ENABLE_DEBUG_INFO = NO;
				MTL_FAST_MATH = YES;
				SDKROOT = macosx;
				SWIFT_COMPILATION_MODE = wholemodule;
			};
			name = Release;
		};
		772D70C62B0D05F1006AD0FC /* Debug */ = {
			isa = XCBuildConfiguration;
			buildSettings = {
				CODE_SIGN_STYLE = Automatic;
				DEVELOPMENT_TEAM = RPXJGA4ZYB;
				ENABLE_HARDENED_RUNTIME = YES;
				PRODUCT_NAME = "$(TARGET_NAME)";
				SWIFT_VERSION = 5.0;
			};
			name = Debug;
		};
		772D70C72B0D05F1006AD0FC /* Release */ = {
			isa = XCBuildConfiguration;
			buildSettings = {
				CODE_SIGN_STYLE = Automatic;
				DEVELOPMENT_TEAM = RPXJGA4ZYB;
				ENABLE_HARDENED_RUNTIME = YES;
				PRODUCT_NAME = "$(TARGET_NAME)";
				SWIFT_VERSION = 5.0;
			};
			name = Release;
		};
/* End XCBuildConfiguration section */

/* Begin XCConfigurationList section */
		772D70B92B0D05F1006AD0FC /* Build configuration list for PBXProject "31github" */ = {
			isa = XCConfigurationList;
			buildConfigurations = (
				772D70C32B0D05F1006AD0FC /* Debug */,
				772D70C42B0D05F1006AD0FC /* Release */,
			);
			defaultConfigurationIsVisible = 0;
			defaultConfigurationName = Release;
		};
		772D70C52B0D05F1006AD0FC /* Build configuration list for PBXNativeTarget "31github" */ = {
			isa = XCConfigurationList;
			buildConfigurations = (
				772D70C62B0D05F1006AD0FC /* Debug */,
				772D70C72B0D05F1006AD0FC /* Release */,
			);
			defaultConfigurationIsVisible = 0;
			defaultConfigurationName = Release;
		};
/* End XCConfigurationList section */
	};
	rootObject = 772D70B62B0D05F1006AD0FC /* Project object */;
}
